dependencies:
  espressif/esp-dsp:
    component_hash: 3e7bbd487f1357a1d4944d0c85966d049501ea281b8a4c7f93f7cfedd5b7f23d
    dependencies:
    - name: idf
      require: private
      version: '>=4.2'
    source:
      registry_url: https://components.espressif.com/
      type: service
    version: 1.4.12
  espressif/esp_tinyusb:
    component_hash: 6a50305bc61c7a361da8c0833642be824e92dacb0a6001719a832a4e96e471bf
    dependencies:
    - name: idf
      require: private
      version: '>=5.0'
    - name: espressif/tinyusb
      registry_url: https://components.espressif.com
      require: public
      version: '>=0.14.2'
    source:
      registry_url: https://components.espressif.com/
      type: service
    version: 1.7.6~2
  espressif/jsmn:
    component_hash: d80350c41bbaa827c98a25b6072df00884e72f54885996fab4a4f0aebce6b6c3
    dependencies:
    - name: idf
      require: private
      version: '>=4.3'
    source:
      registry_url: https://components.espressif.com/
      type: service
    version: 1.1.0
  espressif/nghttp:
    component_hash: e0429dc6ecf6fdfab077a52c3eb5846c1c4a4a6d969633e8d1227b438b78530a
    dependencies:
    - name: idf
      require: private
      version: '>=5.0'
    source:
      registry_url: https://components.espressif.com/
      type: service
    version: 1.69.0
  espressif/tinyusb:
    component_hash: a72b7d67472914ab76309340fd50d578b31e310963d45ad0f81144bde3314752
    dependencies:
    - name: idf
      require: private
      version: '>=5.0'
    source:
      registry_url: https://components.espressif.com
      type: service
    targets:
    - esp32s2
    - esp32s3
    - esp32p4
    - esp32h4
    - esp32s31
    version: 0.21.0~1
  idf:
    source:
      type: idf
    version: 5.3.2
direct_dependencies:
- espressif/esp-dsp
- espressif/esp_tinyusb
- espressif/jsmn
- espressif/nghttp
- idf
manifest_hash: c67afbf3a7feb100ed3c09acf4976122c74e3dcfb2611fa11acb0d52aa4544c5
target: esp32s3
version: 2.0.0
